# This file is automatically @generated by Cargo.
# It is not intended for manual editing.
[[package]]
name = "bytes"
version = "1.1.0"
source = "registry+https://github.com/rust-lang/crates.io-index"
checksum = "c4872d67bab6358e59559027aa3b9157c53d9358c51423c17554809a8858e0f8"

[[package]]
name = "momento-protos"
version = "0.1.0"
dependencies = [
 "protobuf",
]

[[package]]
name = "protobuf"
version = "2.25.2"
source = "registry+https://github.com/rust-lang/crates.io-index"
checksum = "47c327e191621a2158159df97cdbc2e7074bb4e940275e35abf38eb3d2595754"
dependencies = [
 "bytes",
]
