# This file is automatically @generated by Poetry 1.5.1 and should not be changed by hand.

[[package]]
name = "grpcio"
version = "1.83.0"
description = "HTTP/2-based RPC framework"
optional = false
python-versions = ">=3.10"
files = [
    {file = "grpcio-1.83.0-cp310-cp310-linux_armv7l.whl", hash = "sha256:fba099b716e73512d61b97f71ea3c31a72abb36904036e316bf4dd148ca8dcc8"},
    {file = "grpcio-1.83.0-cp310-cp310-macosx_11_0_universal2.whl", hash = "sha256:6755ed67cc3e454d51ae9f6e1915b80d3942fa4de956ef48dacd45ab7f40b727"},
    {file = "grpcio-1.83.0-cp310-cp310-manylinux2014_aarch64.manylinux_2_17_aarch64.whl", hash = "sha256:5882c1a721b50ce0123ee5e839e1ab059ad72a7ade76cdf2d5bd833b56791acf"},
    {file = "grpcio-1.83.0-cp310-cp310-manylinux2014_i686.manylinux_2_17_i686.whl", hash = "sha256:4e3eedfc92b6b9f2960115e7e620cf0cbf80bb7849a51ce3820dc54dfd88b6b9"},
    {file = "grpcio-1.83.0-cp310-cp310-manylinux2014_x86_64.manylinux_2_17_x86_64.whl", hash = "sha256:4fcaa7c45c45b4a89e2867d1f1785d9481a788399d915e341ed2eb49aeef9dd4"},
    {file = "grpcio-1.83.0-cp310-cp310-musllinux_1_2_aarch64.whl", hash = "sha256:6b6c666a1d5613ff360c9e90f44665e3a88b25a815209ddbc0917eec281931cb"},
    {file = "grpcio-1.83.0-cp310-cp310-musllinux_1_2_i686.whl", hash = "sha256:6be5c807b717be3dd649446f021301fd7907e376318675d2147823071034112a"},
    {file = "grpcio-1.83.0-cp310-cp310-musllinux_1_2_x86_64.whl", hash = "sha256:c834e86d8fd2f03d7e4db49a027f7c5b89c5b88eed305543a5295bd6fee61e40"},
    {file = "grpcio-1.83.0-cp310-cp310-win32.whl", hash = "sha256:35a5b1c192496b6c25956eebfa963468935612206fd2543ac3ce981e6a5e0f03"},
    {file = "grpcio-1.83.0-cp310-cp310-win_amd64.whl", hash = "sha256:8f6c395e493d20c39b29392ca200e9aaeb78d0bc2f04db0c0a7da7ddc939aa57"},
    {file = "grpcio-1.83.0-cp311-cp311-linux_armv7l.whl", hash = "sha256:8ff0b8767ddd62704e0d9571c1890af08d84a3a689ebba1807e62519d0b3277f"},
    {file = "grpcio-1.83.0-cp311-cp311-macosx_11_0_universal2.whl", hash = "sha256:4772402f43517b4824980be4b3b2274a81eec0004a70009473c31b340d43e223"},
    {file = "grpcio-1.83.0-cp311-cp311-manylinux2014_aarch64.manylinux_2_17_aarch64.whl", hash = "sha256:f4cee5fc86e84a0cf7ad1574b454c3320e087c07f55b7df5dc0ac6a873fb90c0"},
    {file = "grpcio-1.83.0-cp311-cp311-manylinux2014_i686.manylinux_2_17_i686.whl", hash = "sha256:f5e822a7e7d03282f6ad225e710493c48b9057a353358344a5f7c42b2b37618d"},
    {file = "grpcio-1.83.0-cp311-cp311-manylinux2014_x86_64.manylinux_2_17_x86_64.whl", hash = "sha256:f5f410d7c2903eabb34789dfd6342eef04af1ad459943936b7e09a9f5bd417b9"},
    {file = "grpcio-1.83.0-cp311-cp311-musllinux_1_2_aarch64.whl", hash = "sha256:ee94a4016fdf8699fb1fd8a38652475ff677f1c72074cee44deeeb9a7e95e745"},
    {file = "grpcio-1.83.0-cp311-cp311-musllinux_1_2_i686.whl", hash = "sha256:c6444666317338e903093c7c756e6cc88eee59f798cb8dd41e87725bf54e1617"},
    {file = "grpcio-1.83.0-cp311-cp311-musllinux_1_2_x86_64.whl", hash = "sha256:aa074041231f03959cb097dd5517b0677b8ea49215bae01d5710a7b69dd59969"},
    {file = "grpcio-1.83.0-cp311-cp311-win32.whl", hash = "sha256:cb056f6e171c42639a50460b2929c82241fda51f71cf3dcdd68090fe45095a45"},
    {file = "grpcio-1.83.0-cp311-cp311-win_amd64.whl", hash = "sha256:7416952ca770477990257206276999056f8316d79196f2f25942393e58a20b49"},
    {file = "grpcio-1.83.0-cp312-cp312-linux_armv7l.whl", hash = "sha256:28f6c35ac8fcf10e4594f138e468f194360089dde40d126a7033e863fc479930"},
    {file = "grpcio-1.83.0-cp312-cp312-macosx_11_0_universal2.whl", hash = "sha256:33898e6a28e4ae598f1577cb1c4fec2a15c033d0ec52b9b45a09610dd045b9da"},
    {file = "grpcio-1.83.0-cp312-cp312-manylinux2014_aarch64.manylinux_2_17_aarch64.whl", hash = "sha256:6fb8a1dd0c6f0f931e69e9d0dc6d1c406ed2a44fa963414eafba07b7fb685d16"},
    {file = "grpcio-1.83.0-cp312-cp312-manylinux2014_i686.manylinux_2_17_i686.whl", hash = "sha256:2b5e75c34842cd9c1b95285ca395c6a569664b81e3ffa6b714125922942abaaf"},
    {file = "grpcio-1.83.0-cp312-cp312-manylinux2014_x86_64.manylinux_2_17_x86_64.whl", hash = "sha256:aeb339838db07600481ef869507279b75326c75eac6d10f7afa62a0da1d2bcdd"},
    {file = "grpcio-1.83.0-cp312-cp312-musllinux_1_2_aarch64.whl", hash = "sha256:f47d62808b4c0a97b78bff88a6d4ca283a2a492b9a04a87d814af95ca3b9c19c"},
    {file = "grpcio-1.83.0-cp312-cp312-musllinux_1_2_i686.whl", hash = "sha256:62003babc444a606dcd1f009cd16391ce23669ae4ad6ec267a873da7937a69f5"},
    {file = "grpcio-1.83.0-cp312-cp312-musllinux_1_2_x86_64.whl", hash = "sha256:1aa567f8c3f19850ffd5d2858c9a8ea7c80f0db6c01186b71eb31e923ec984f5"},
    {file = "grpcio-1.83.0-cp312-cp312-win32.whl", hash = "sha256:cb2906c61db4f9c64cc360054b5df70eeb81846228e9e56a4944bd415a63dadc"},
    {file = "grpcio-1.83.0-cp312-cp312-win_amd64.whl", hash = "sha256:1c699bbb20f143c8f2bff219de578aa2dc1f919399d67dc702b038b986ee62df"},
    {file = "grpcio-1.83.0-cp313-cp313-linux_armv7l.whl", hash = "sha256:6662f3b1e07cc7493d437351860dc867bddc6a93c83ecf33bbfdaf0c217ab2d0"},
    {file = "grpcio-1.83.0-cp313-cp313-macosx_11_0_universal2.whl", hash = "sha256:74fe6f9e8a35c7dbf32255ee154d15e3e5338a81ed39173d079d594d2e544cd1"},
    {file = "grpcio-1.83.0-cp313-cp313-manylinux2014_aarch64.manylinux_2_17_aarch64.whl", hash = "sha256:10b3fa0475eb572c9a81a6fe37fa16a9c500c0c91cfc148cac15692b7e3c2867"},
    {file = "grpcio-1.83.0-cp313-cp313-manylinux2014_i686.manylinux_2_17_i686.whl", hash = "sha256:5f20a988480b0f28207f057f7f7ae1313393c3cef0adcfeae8248f9947eaf881"},
    {file = "grpcio-1.83.0-cp313-cp313-manylinux2014_x86_64.manylinux_2_17_x86_64.whl", hash = "sha256:7bd82671b39065ba18cd536e9cd45b27ff649053f81ddd2c6a966d595067080f"},
    {file = "grpcio-1.83.0-cp313-cp313-musllinux_1_2_aarch64.whl", hash = "sha256:bc60215b5cb9fc8ca72942c498b551ac2305bd08f6ef8d4e3f0d21b64fbecd61"},
    {file = "grpcio-1.83.0-cp313-cp313-musllinux_1_2_i686.whl", hash = "sha256:f1c3e5689d4b90987b1d72022bcfe866a9a3dc66197484cf856d96b6150e7f45"},
    {file = "grpcio-1.83.0-cp313-cp313-musllinux_1_2_x86_64.whl", hash = "sha256:a21cb4eeeba124443f399be2e8b624943cde864dcbe588cb42e5c483a52a906c"},
    {file = "grpcio-1.83.0-cp313-cp313-win32.whl", hash = "sha256:8fe04f1050a59f875601eb55d42b4f66946fe89817f967e34db1462ccd07dadf"},
    {file = "grpcio-1.83.0-cp313-cp313-win_amd64.whl", hash = "sha256:6e01ecd9d8ef280abe1365138a4dc318f9a5287f4cb1b41d07816f796653f735"},
    {file = "grpcio-1.83.0-cp314-cp314-linux_armv7l.whl", hash = "sha256:3f351629f6ae16ecc0ec3553e586a6763ffd9f6114044286d0cbec3e09241bfa"},
    {file = "grpcio-1.83.0-cp314-cp314-macosx_11_0_universal2.whl", hash = "sha256:d05ff664100d429335b93c91b8b34ddf9e94a112205e7fa06dede309e44a4e4c"},
    {file = "grpcio-1.83.0-cp314-cp314-manylinux2014_aarch64.manylinux_2_17_aarch64.whl", hash = "sha256:7936f2a56cf04f6514705c0fedf400971de01b6aa1719327e4718f410a765e2b"},
    {file = "grpcio-1.83.0-cp314-cp314-manylinux2014_i686.manylinux_2_17_i686.whl", hash = "sha256:b0a0be840e51b6b7ee9df9269770faf77bdf4b771053c257c21d12bad607714c"},
    {file = "grpcio-1.83.0-cp314-cp314-manylinux2014_x86_64.manylinux_2_17_x86_64.whl", hash = "sha256:009667eaf3dcd5224c713589cdc98e7ca4ed0ff0b61132c6b276e930eb83a2df"},
    {file = "grpcio-1.83.0-cp314-cp314-musllinux_1_2_aarch64.whl", hash = "sha256:bb669918fd88936b15599caff4160a77ab74bdeb25f2231f6e45b61282d6107b"},
    {file = "grpcio-1.83.0-cp314-cp314-musllinux_1_2_i686.whl", hash = "sha256:c19b454d3d3f28db81f2c7c4dbaee96e7f6fd149721733ffe79d6bc530f17404"},
    {file = "grpcio-1.83.0-cp314-cp314-musllinux_1_2_x86_64.whl", hash = "sha256:61007cd08640abc5c54547ee32505474c482cd733a53cb87551ea81faa6350af"},
    {file = "grpcio-1.83.0-cp314-cp314-win32.whl", hash = "sha256:32e11c37f5285b0c6fa3042c05fe06903696689749833fc64e67dec71b9bbe33"},
    {file = "grpcio-1.83.0-cp314-cp314-win_amd64.whl", hash = "sha256:2bb48cb5e6dd005ca12b89ce4b6ac0b48ff3112c747542ee7986ef611a8ca6d9"},
    {file = "grpcio-1.83.0.tar.gz", hash = "sha256:7674587248fbbb2ac6e4eecf83a8a0f3d91a928f941de571acfd3a2f007fbc24"},
]

[package.dependencies]
typing-extensions = ">=4.12,<5.0"

[package.extras]
protobuf = ["grpcio-tools (>=1.83.0)"]

[[package]]
name = "grpcio-tools"
version = "1.62.3"
description = "Protobuf code generator for gRPC"
optional = false
python-versions = ">=3.7"
files = [
    {file = "grpcio-tools-1.62.3.tar.gz", hash = "sha256:7c7136015c3d62c3eef493efabaf9e3380e3e66d24ee8e94c01cb71377f57833"},
    {file = "grpcio_tools-1.62.3-cp310-cp310-macosx_12_0_universal2.whl", hash = "sha256:2f968b049c2849540751ec2100ab05e8086c24bead769ca734fdab58698408c1"},
    {file = "grpcio_tools-1.62.3-cp310-cp310-manylinux_2_17_aarch64.whl", hash = "sha256:0a8c0c4724ae9c2181b7dbc9b186df46e4f62cb18dc184e46d06c0ebeccf569e"},
    {file = "grpcio_tools-1.62.3-cp310-cp310-manylinux_2_17_i686.manylinux2014_i686.whl", hash = "sha256:5782883a27d3fae8c425b29a9d3dcf5f47d992848a1b76970da3b5a28d424b26"},
    {file = "grpcio_tools-1.62.3-cp310-cp310-manylinux_2_17_x86_64.manylinux2014_x86_64.whl", hash = "sha256:f3d812daffd0c2d2794756bd45a353f89e55dc8f91eb2fc840c51b9f6be62667"},
    {file = "grpcio_tools-1.62.3-cp310-cp310-musllinux_1_1_i686.whl", hash = "sha256:b47d0dda1bdb0a0ba7a9a6de88e5a1ed61f07fad613964879954961e36d49193"},
    {file = "grpcio_tools-1.62.3-cp310-cp310-musllinux_1_1_x86_64.whl", hash = "sha256:ca246dffeca0498be9b4e1ee169b62e64694b0f92e6d0be2573e65522f39eea9"},
    {file = "grpcio_tools-1.62.3-cp310-cp310-win32.whl", hash = "sha256:6a56d344b0bab30bf342a67e33d386b0b3c4e65868ffe93c341c51e1a8853ca5"},
    {file = "grpcio_tools-1.62.3-cp310-cp310-win_amd64.whl", hash = "sha256:710fecf6a171dcbfa263a0a3e7070e0df65ba73158d4c539cec50978f11dad5d"},
    {file = "grpcio_tools-1.62.3-cp311-cp311-macosx_10_10_universal2.whl", hash = "sha256:703f46e0012af83a36082b5f30341113474ed0d91e36640da713355cd0ea5d23"},
    {file = "grpcio_tools-1.62.3-cp311-cp311-manylinux_2_17_aarch64.whl", hash = "sha256:7cc83023acd8bc72cf74c2edbe85b52098501d5b74d8377bfa06f3e929803492"},
    {file = "grpcio_tools-1.62.3-cp311-cp311-manylinux_2_17_i686.manylinux2014_i686.whl", hash = "sha256:7ff7d58a45b75df67d25f8f144936a3e44aabd91afec833ee06826bd02b7fbe7"},
    {file = "grpcio_tools-1.62.3-cp311-cp311-manylinux_2_17_x86_64.manylinux2014_x86_64.whl", hash = "sha256:7f2483ea232bd72d98a6dc6d7aefd97e5bc80b15cd909b9e356d6f3e326b6e43"},
    {file = "grpcio_tools-1.62.3-cp311-cp311-musllinux_1_1_i686.whl", hash = "sha256:962c84b4da0f3b14b3cdb10bc3837ebc5f136b67d919aea8d7bb3fd3df39528a"},
    {file = "grpcio_tools-1.62.3-cp311-cp311-musllinux_1_1_x86_64.whl", hash = "sha256:8ad0473af5544f89fc5a1ece8676dd03bdf160fb3230f967e05d0f4bf89620e3"},
    {file = "grpcio_tools-1.62.3-cp311-cp311-win32.whl", hash = "sha256:db3bc9fa39afc5e4e2767da4459df82b095ef0cab2f257707be06c44a1c2c3e5"},
    {file = "grpcio_tools-1.62.3-cp311-cp311-win_amd64.whl", hash = "sha256:e0898d412a434e768a0c7e365acabe13ff1558b767e400936e26b5b6ed1ee51f"},
    {file = "grpcio_tools-1.62.3-cp312-cp312-macosx_10_10_universal2.whl", hash = "sha256:d102b9b21c4e1e40af9a2ab3c6d41afba6bd29c0aa50ca013bf85c99cdc44ac5"},
    {file = "grpcio_tools-1.62.3-cp312-cp312-manylinux_2_17_aarch64.whl", hash = "sha256:0a52cc9444df978438b8d2332c0ca99000521895229934a59f94f37ed896b133"},
    {file = "grpcio_tools-1.62.3-cp312-cp312-manylinux_2_17_i686.manylinux2014_i686.whl", hash = "sha256:141d028bf5762d4a97f981c501da873589df3f7e02f4c1260e1921e565b376fa"},
    {file = "grpcio_tools-1.62.3-cp312-cp312-manylinux_2_17_x86_64.manylinux2014_x86_64.whl", hash = "sha256:47a5c093ab256dec5714a7a345f8cc89315cb57c298b276fa244f37a0ba507f0"},
    {file = "grpcio_tools-1.62.3-cp312-cp312-musllinux_1_1_i686.whl", hash = "sha256:f6831fdec2b853c9daa3358535c55eed3694325889aa714070528cf8f92d7d6d"},
    {file = "grpcio_tools-1.62.3-cp312-cp312-musllinux_1_1_x86_64.whl", hash = "sha256:e02d7c1a02e3814c94ba0cfe43d93e872c758bd8fd5c2797f894d0c49b4a1dfc"},
    {file = "grpcio_tools-1.62.3-cp312-cp312-win32.whl", hash = "sha256:b881fd9505a84457e9f7e99362eeedd86497b659030cf57c6f0070df6d9c2b9b"},
    {file = "grpcio_tools-1.62.3-cp312-cp312-win_amd64.whl", hash = "sha256:11c625eebefd1fd40a228fc8bae385e448c7e32a6ae134e43cf13bbc23f902b7"},
    {file = "grpcio_tools-1.62.3-cp37-cp37m-macosx_10_10_universal2.whl", hash = "sha256:ec6fbded0c61afe6f84e3c2a43e6d656791d95747d6d28b73eff1af64108c434"},
    {file = "grpcio_tools-1.62.3-cp37-cp37m-manylinux_2_17_aarch64.whl", hash = "sha256:bfda6ee8990997a9df95c5606f3096dae65f09af7ca03a1e9ca28f088caca5cf"},
    {file = "grpcio_tools-1.62.3-cp37-cp37m-manylinux_2_17_i686.manylinux2014_i686.whl", hash = "sha256:b77f9f9cee87cd798f0fe26b7024344d1b03a7cd2d2cba7035f8433b13986325"},
    {file = "grpcio_tools-1.62.3-cp37-cp37m-manylinux_2_17_x86_64.manylinux2014_x86_64.whl", hash = "sha256:2e02d3b96f2d0e4bab9ceaa30f37d4f75571e40c6272e95364bff3125a64d184"},
    {file = "grpcio_tools-1.62.3-cp37-cp37m-musllinux_1_1_i686.whl", hash = "sha256:1da38070738da53556a4b35ab67c1b9884a5dd48fa2f243db35dc14079ea3d0c"},
    {file = "grpcio_tools-1.62.3-cp37-cp37m-musllinux_1_1_x86_64.whl", hash = "sha256:ace43b26d88a58dcff16c20d23ff72b04d0a415f64d2820f4ff06b1166f50557"},
    {file = "grpcio_tools-1.62.3-cp37-cp37m-win_amd64.whl", hash = "sha256:350a80485e302daaa95d335a931f97b693e170e02d43767ab06552c708808950"},
    {file = "grpcio_tools-1.62.3-cp38-cp38-macosx_10_10_universal2.whl", hash = "sha256:c3a1ac9d394f8e229eb28eec2e04b9a6f5433fa19c9d32f1cb6066e3c5114a1d"},
    {file = "grpcio_tools-1.62.3-cp38-cp38-manylinux_2_17_aarch64.whl", hash = "sha256:11f363570dea661dde99e04a51bd108a5807b5df32a6f8bdf4860e34e94a4dbf"},
    {file = "grpcio_tools-1.62.3-cp38-cp38-manylinux_2_17_i686.manylinux2014_i686.whl", hash = "sha256:dc9ad9950119d8ae27634e68b7663cc8d340ae535a0f80d85a55e56a6973ab1f"},
    {file = "grpcio_tools-1.62.3-cp38-cp38-manylinux_2_17_x86_64.manylinux2014_x86_64.whl", hash = "sha256:8c5d22b252dcef11dd1e0fbbe5bbfb9b4ae048e8880d33338215e8ccbdb03edc"},
    {file = "grpcio_tools-1.62.3-cp38-cp38-musllinux_1_1_i686.whl", hash = "sha256:27cd9ef5c5d68d5ed104b6dcb96fe9c66b82050e546c9e255716903c3d8f0373"},
    {file = "grpcio_tools-1.62.3-cp38-cp38-musllinux_1_1_x86_64.whl", hash = "sha256:f4b1615adf67bd8bb71f3464146a6f9949972d06d21a4f5e87e73f6464d97f57"},
    {file = "grpcio_tools-1.62.3-cp38-cp38-win32.whl", hash = "sha256:e18e15287c31baf574fcdf8251fb7f997d64e96c6ecf467906e576da0a079af6"},
    {file = "grpcio_tools-1.62.3-cp38-cp38-win_amd64.whl", hash = "sha256:6c3064610826f50bd69410c63101954676edc703e03f9e8f978a135f1aaf97c1"},
    {file = "grpcio_tools-1.62.3-cp39-cp39-macosx_10_10_universal2.whl", hash = "sha256:8e62cc7164b0b7c5128e637e394eb2ef3db0e61fc798e80c301de3b2379203ed"},
    {file = "grpcio_tools-1.62.3-cp39-cp39-manylinux_2_17_aarch64.whl", hash = "sha256:c8ad5cce554e2fcaf8842dee5d9462583b601a3a78f8b76a153c38c963f58c10"},
    {file = "grpcio_tools-1.62.3-cp39-cp39-manylinux_2_17_i686.manylinux2014_i686.whl", hash = "sha256:ec279dcf3518201fc592c65002754f58a6b542798cd7f3ecd4af086422f33f29"},
    {file = "grpcio_tools-1.62.3-cp39-cp39-manylinux_2_17_x86_64.manylinux2014_x86_64.whl", hash = "sha256:1c989246c2aebc13253f08be32538a4039a64e12d9c18f6d662d7aee641dc8b5"},
    {file = "grpcio_tools-1.62.3-cp39-cp39-musllinux_1_1_i686.whl", hash = "sha256:ca4f5eeadbb57cf03317d6a2857823239a63a59cc935f5bd6cf6e8b7af7a7ecc"},
    {file = "grpcio_tools-1.62.3-cp39-cp39-musllinux_1_1_x86_64.whl", hash = "sha256:0cb3a3436ac119cbd37a7d3331d9bdf85dad21a6ac233a3411dff716dcbf401e"},
    {file = "grpcio_tools-1.62.3-cp39-cp39-win32.whl", hash = "sha256:3eae6ea76d62fcac091e1f15c2dcedf1dc3f114f8df1a972a8a0745e89f4cf61"},
    {file = "grpcio_tools-1.62.3-cp39-cp39-win_amd64.whl", hash = "sha256:eec73a005443061f4759b71a056f745e3b000dc0dc125c9f20560232dfbcbd14"},
]

[package.dependencies]
grpcio = ">=1.62.3"
protobuf = ">=4.21.6,<5.0dev"
setuptools = "*"

[[package]]
name = "protobuf"
version = "4.25.9"
description = ""
optional = false
python-versions = ">=3.8"
files = [
    {file = "protobuf-4.25.9-cp310-abi3-win32.whl", hash = "sha256:bde396f568b0b46fc8fbfe9f02facf25b6755b2578a3b8ac61e74b9d69499e03"},
    {file = "protobuf-4.25.9-cp310-abi3-win_amd64.whl", hash = "sha256:3683c05154252206f7cb2d371626514b3708199d9bcf683b503dabf3a2e38e06"},
    {file = "protobuf-4.25.9-cp37-abi3-macosx_10_9_universal2.whl", hash = "sha256:9560813560e6ee72c11ca8873878bdb7ee003c96a57ebb013245fe84e2540904"},
    {file = "protobuf-4.25.9-cp37-abi3-manylinux2014_aarch64.whl", hash = "sha256:999146ef02e7fa6a692477badd1528bcd7268df211852a3df2d834ba2b480791"},
    {file = "protobuf-4.25.9-cp37-abi3-manylinux2014_x86_64.whl", hash = "sha256:438c636de8fb706a0de94a12a268ef1ae8f5ba5ae655a7671fcda5968ba3c9be"},
    {file = "protobuf-4.25.9-cp38-cp38-win32.whl", hash = "sha256:7f7c1abcea3fc215918fba67a2d2a80fbcccc0f84159610eb187e9bbe6f939ee"},
    {file = "protobuf-4.25.9-cp38-cp38-win_amd64.whl", hash = "sha256:79faf4e5a80b231d94dcf3a0a2917ccbacf0f586f12c9b9c91794b41b913a853"},
    {file = "protobuf-4.25.9-cp39-cp39-win32.whl", hash = "sha256:9481e80e8cffb1c492c68e7c4e6726f4ad02eebc4fa97ead7beebeaa3639511d"},
    {file = "protobuf-4.25.9-cp39-cp39-win_amd64.whl", hash = "sha256:b1d467352de666dc1b6d5740b6319d9c08cab7b21b452501e4ee5b0ac5156780"},
    {file = "protobuf-4.25.9-py3-none-any.whl", hash = "sha256:d49b615e7c935194ac161f0965699ac84df6112c378e05ec53da65d2e4cbb6d4"},
    {file = "protobuf-4.25.9.tar.gz", hash = "sha256:b0dc7e7c68de8b1ce831dacb12fb407e838edbb8b6cc0dc3a2a6b4cbf6de9cff"},
]

[[package]]
name = "setuptools"
version = "84.0.0"
description = "Most extensible Python build backend with support for C/C++ extension modules"
optional = false
python-versions = ">=3.10"
files = [
    {file = "setuptools-84.0.0-py3-none-any.whl", hash = "sha256:51a52592b3b99e102b609654876bd65f19f999935166d1352678931132b0c670"},
    {file = "setuptools-84.0.0.tar.gz", hash = "sha256:f4695c21257f0d9b537ec2692c941d02ee143b7cc1276941349a546573b2ef73"},
]

[package.extras]
check = ["pytest-checkdocs (>=2.14)", "pytest-ruff (>=0.2.1)", "ruff (>=0.13.0)"]
core = ["importlib_metadata (>=6)", "jaraco.functools (>=4)", "jaraco.text (>=3.7)", "more_itertools", "more_itertools (>=8.8)", "packaging (>=24.2)", "tomli (>=2.0.1)", "wheel (>=0.43.0)"]
cover = ["pytest-cov"]
doc = ["furo", "jaraco.packaging (>=9.3)", "jaraco.tidelift (>=1.4)", "pygments-github-lexers (==0.0.5)", "pyproject-hooks (!=1.1)", "rst.linker (>=1.9)", "sphinx (>=3.5)", "sphinx-favicon", "sphinx-inline-tabs", "sphinx-lint", "sphinx-notfound-page (>=1,<2)", "sphinx-reredirects", "sphinxcontrib-towncrier", "towncrier (<24.7)"]
enabler = ["pytest-enabler (>=3.4)"]
test = ["build[virtualenv] (>=1.0.3)", "filelock (>=3.4.0)", "ini2toml[lite] (>=0.14)", "jaraco.develop (>=7.21)", "jaraco.envs (>=2.2)", "jaraco.path (>=3.7.2)", "jaraco.test (>=5.5)", "packaging (>=24.2)", "pip (>=19.1)", "pyproject-hooks (!=1.1)", "pytest (>=6,!=8.1.*)", "pytest-home (>=0.5)", "pytest-perf", "pytest-subprocess", "pytest-timeout", "pytest-xdist (>=3)", "tomli-w (>=1.0.0)", "virtualenv (>=13.0.0)", "wheel (>=0.44.0)"]
type = ["importlib_metadata (>=7.0.2)", "jaraco.develop (>=7.21)", "mypy (==1.18.*)", "pytest-mypy (>=1.0.1)"]

[[package]]
name = "typing-extensions"
version = "4.16.0"
description = "Backported and Experimental Type Hints for Python 3.9+"
optional = false
python-versions = ">=3.9"
files = [
    {file = "typing_extensions-4.16.0-py3-none-any.whl", hash = "sha256:481caa481374e813c1b176ada14e97f1f67a4539ce9cfeb3f350d78d6370c2e8"},
    {file = "typing_extensions-4.16.0.tar.gz", hash = "sha256:dc983d19a509c94dba722ee6abd33940f7c05a89e243c47e907eb4db6f1a43e5"},
]

[metadata]
lock-version = "2.0"
python-versions = "^3.10"
content-hash = "9e883550783be24643ab606025efc5b850c6c1668362a67790e4bc3da23c01a6"
